{
  "version": "5",
  "redirects": {
    "https://esm.sh/@supabase/node-fetch@^2.6.13?target=denonext": "https://esm.sh/@supabase/node-fetch@2.6.15?target=denonext",
    "https://esm.sh/@supabase/node-fetch@^2.6.14?target=denonext": "https://esm.sh/@supabase/node-fetch@2.6.15?target=denonext",
    "https://esm.sh/@supabase/storage-js@^2.10.4?target=denonext": "https://esm.sh/@supabase/storage-js@2.10.5?target=denonext",
    "https://esm.sh/@supabase/supabase-js@2": "https://esm.sh/@supabase/supabase-js@2.55.0",
    "https://esm.sh/tr46@~0.0.3?target=denonext": "https://esm.sh/tr46@0.0.3?target=denonext",
    "https://esm.sh/webidl-conversions@^3.0.0?target=denonext": "https://esm.sh/webidl-conversions@3.0.1?target=denonext",
    "https://esm.sh/whatwg-url@^5.0.0?target=denonext": "https://esm.sh/whatwg-url@5.0.0?target=denonext"
  },
  "remote": {
    "https://esm.sh/@supabase/auth-js@2.71.1/denonext/auth-js.mjs": "d55f67342e652b8bdce35b0ff13ad5cc294b7e96dbd68f859b464b07c6864967",
    "https://esm.sh/@supabase/functions-js@2.4.5/denonext/functions-js.mjs": "acfcb4db90c292c335a9dbb5664485f5e0b680533d68e6942abb9387ec7e0d0b",
    "https://esm.sh/@supabase/node-fetch@2.6.15/denonext/node-fetch.mjs": "0bae9052231f4f6dbccc7234d05ea96923dbf967be12f402764580b6bf9f713d",
    "https://esm.sh/@supabase/node-fetch@2.6.15?target=denonext": "4d28c4ad97328403184353f68434f2b6973971507919e9150297413664919cf3",
    "https://esm.sh/@supabase/postgrest-js@1.19.4/denonext/postgrest-js.mjs": "2073b5552ba10c7a8302bffffae771e3aede1daf833382355dae239fb0ab2576",
    "https://esm.sh/@supabase/realtime-js@2.15.1/denonext/realtime-js.mjs": "c297565cc5ba09d2732a3fc94a59e06426bd98cc1f836743787e2012a094f0a1",
    "https://esm.sh/@supabase/storage-js@2.10.5/denonext/storage-js.mjs": "2f0e707cc24f8e4986d2e3e96778c0356706f11ee800855ab8771bbc4d40c6c8",
    "https://esm.sh/@supabase/storage-js@2.10.5?target=denonext": "c267e6b19b1061d0722c8696e62ec07848f9e8bc32ea51eeab2cc9680168673c",
    "https://esm.sh/@supabase/supabase-js@2.55.0": "c91e56ab271414ea191edd3fc9da73863bdde4fb95c0e9465faddd5db3c6a026",
    "https://esm.sh/@supabase/supabase-js@2.55.0/denonext/supabase-js.mjs": "fe2c58ecea5a5f249d1bb72d2564674332a5d11a84f21064a75eaf70234cf89b",
    "https://esm.sh/tr46@0.0.3/denonext/tr46.mjs": "5753ec0a99414f4055f0c1f97691100f13d88e48a8443b00aebb90a512785fa2",
    "https://esm.sh/tr46@0.0.3?target=denonext": "19cb9be0f0d418a0c3abb81f2df31f080e9540a04e43b0f699bce1149cba0cbb",
    "https://esm.sh/webidl-conversions@3.0.1/denonext/webidl-conversions.mjs": "54b5c2d50a294853c4ccebf9d5ed8988c94f4e24e463d84ec859a866ea5fafec",
    "https://esm.sh/webidl-conversions@3.0.1?target=denonext": "4e20318d50528084616c79d7b3f6e7f0fe7b6d09013bd01b3974d7448d767e29",
    "https://esm.sh/whatwg-url@5.0.0/denonext/whatwg-url.mjs": "29b16d74ee72624c915745bbd25b617cfd2248c6af0f5120d131e232a9a9af79",
    "https://esm.sh/whatwg-url@5.0.0?target=denonext": "f001a2cadf81312d214ca330033f474e74d81a003e21e8c5d70a1f46dc97b02d"
  },
  "workspace": {
    "packageJson": {
      "dependencies": [
        "npm:@eslint/js@^9.15.0",
        "npm:@hookform/resolvers@^3.10.0",
        "npm:@radix-ui/react-accordion@^1.2.2",
        "npm:@radix-ui/react-alert-dialog@^1.1.4",
        "npm:@radix-ui/react-aspect-ratio@^1.1.1",
        "npm:@radix-ui/react-avatar@^1.1.2",
        "npm:@radix-ui/react-checkbox@^1.1.3",
        "npm:@radix-ui/react-collapsible@^1.1.2",
        "npm:@radix-ui/react-context-menu@^2.2.4",
        "npm:@radix-ui/react-dialog@^1.1.4",
        "npm:@radix-ui/react-dropdown-menu@^2.1.4",
        "npm:@radix-ui/react-hover-card@^1.1.4",
        "npm:@radix-ui/react-label@^2.1.1",
        "npm:@radix-ui/react-menubar@^1.1.4",
        "npm:@radix-ui/react-navigation-menu@^1.2.3",
        "npm:@radix-ui/react-popover@^1.1.4",
        "npm:@radix-ui/react-progress@^1.1.1",
        "npm:@radix-ui/react-radio-group@^1.2.2",
        "npm:@radix-ui/react-scroll-area@^1.2.2",
        "npm:@radix-ui/react-select@^2.1.4",
        "npm:@radix-ui/react-separator@^1.1.1",
        "npm:@radix-ui/react-slider@^1.2.2",
        "npm:@radix-ui/react-slot@^1.1.1",
        "npm:@radix-ui/react-switch@^1.1.2",
        "npm:@radix-ui/react-tabs@^1.1.2",
        "npm:@radix-ui/react-toast@^1.2.4",
        "npm:@radix-ui/react-toggle-group@^1.1.1",
        "npm:@radix-ui/react-toggle@^1.1.1",
        "npm:@radix-ui/react-tooltip@^1.1.6",
        "npm:@supabase/supabase-js@^2.54.0",
        "npm:@tanstack/react-query@^5.84.1",
        "npm:@types/node@^22.10.7",
        "npm:@types/react-dom@^18.3.1",
        "npm:@types/react-router-dom@5",
        "npm:@types/react@^18.3.12",
        "npm:@types/uuid@10",
        "npm:@vitejs/plugin-react@^4.3.4",
        "npm:autoprefixer@10.4.20",
        "npm:class-variance-authority@~0.7.1",
        "npm:clsx@^2.1.1",
        "npm:cmdk@1.0.0",
        "npm:date-fns@3",
        "npm:embla-carousel-react@^8.5.2",
        "npm:eslint-plugin-react-hooks@5",
        "npm:eslint-plugin-react-refresh@~0.4.14",
        "npm:eslint@^9.15.0",
        "npm:framer-motion@^12.23.12",
        "npm:globals@^15.12.0",
        "npm:input-otp@^1.4.2",
        "npm:lucide-react@0.364",
        "npm:next-themes@~0.4.4",
        "npm:postcss@8.4.49",
        "npm:react-day-picker@8.10.1",
        "npm:react-dom@^18.3.1",
        "npm:react-hook-form@^7.62.0",
        "npm:react-resizable-panels@^2.1.7",
        "npm:react-router-dom@6",
        "npm:react@^18.3.1",
        "npm:recharts@^2.12.4",
        "npm:sonner@^1.7.4",
        "npm:tailwind-merge@^2.6.0",
        "npm:tailwindcss-animate@^1.0.7",
        "npm:tailwindcss@3.4.16",
        "npm:typescript-eslint@^8.15.0",
        "npm:typescript@~5.6.2",
        "npm:uuid@^11.1.0",
        "npm:vaul@^1.1.2",
        "npm:vite-plugin-source-info@1",
        "npm:vite@^6.0.1",
        "npm:zod@^3.24.1"
      ]
    }
  }
}
